lockfileVersion: '9.0'

settings:
  autoInstallPeers: true
  excludeLinksFromLockfile: false

importers:

  .:
    dependencies:
      '@tanstack/query-sync-storage-persister':
        specifier: ^5.74.7
        version: 5.74.7
      '@tanstack/react-query-persist-client':
        specifier: ^5.74.7
        version: 5.74.7(@tanstack/react-query@5.74.7(react@19.1.0))(react@19.1.0)

packages:

  '@tanstack/query-core@5.74.7':
    resolution: {integrity: sha512-X3StkN/Y6KGHndTjJf8H8th7AX4bKfbRpiVhVqevf0QWlxl6DhyJ0TYG3R0LARa/+xqDwzU9mA4pbJxzPCI29A==}

  '@tanstack/query-persist-client-core@5.74.7':
    resolution: {integrity: sha512-jMramengZsDBCp8Hys8vPvy+qENN43z2O9Z16mG0iXb/mYxG/4Y6FFOBv/kTK+9416oGAFvtszxANTb9luvb9g==}

  '@tanstack/query-sync-storage-persister@5.74.7':
    resolution: {integrity: sha512-xwDzMwyH1Y0QVMKHCoR1tpUPDpLW4zQ6dD8QraN1xTi95KCk0ujrFNzU266jd5ktqt/g1xScbd3HeKIICD6t3w==}

  '@tanstack/react-query-persist-client@5.74.7':
    resolution: {integrity: sha512-0/znLQyc7TtAoZf31tDOjgdlj7meD7qVPXgK3Vr++zExQ+tcNfiIsSrS1RS6AKtUIHVl1MVZRdt3MPnthxAmNA==}
    peerDependencies:
      '@tanstack/react-query': ^5.74.7
      react: ^18 || ^19

  '@tanstack/react-query@5.74.7':
    resolution: {integrity: sha512-u4o/RIWnnrq26orGZu2NDPwmVof1vtAiiV6KYUXd49GuK+8HX+gyxoAYqIaZogvCE1cqOuZAhQKcrKGYGkrLxg==}
    peerDependencies:
      react: ^18 || ^19

  react@19.1.0:
    resolution: {integrity: sha512-FS+XFBNvn3GTAWq26joslQgWNoFu08F4kl0J4CgdNKADkdSGXQyTCnKteIAJy96Br6YbpEU1LSzV5dYtjMkMDg==}
    engines: {node: '>=0.10.0'}

snapshots:

  '@tanstack/query-core@5.74.7': {}

  '@tanstack/query-persist-client-core@5.74.7':
    dependencies:
      '@tanstack/query-core': 5.74.7

  '@tanstack/query-sync-storage-persister@5.74.7':
    dependencies:
      '@tanstack/query-core': 5.74.7
      '@tanstack/query-persist-client-core': 5.74.7

  '@tanstack/react-query-persist-client@5.74.7(@tanstack/react-query@5.74.7(react@19.1.0))(react@19.1.0)':
    dependencies:
      '@tanstack/query-persist-client-core': 5.74.7
      '@tanstack/react-query': 5.74.7(react@19.1.0)
      react: 19.1.0

  '@tanstack/react-query@5.74.7(react@19.1.0)':
    dependencies:
      '@tanstack/query-core': 5.74.7
      react: 19.1.0

  react@19.1.0: {}
